
Microsoft Visual Studio Solution File, Format Version 12.00
# Visual Studio Version 17
VisualStudioVersion = 17.0.31903.59
MinimumVisualStudioVersion = 10.0.40219.1
Project("{FAE04EC0-301F-11D3-BF4B-00C04F79EFBC}") = "Singleton", "Singleton\Singleton.csproj", "{DA3084F9-D47F-42F6-B5F8-A411E3D07978}"
EndProject
Project("{FAE04EC0-301F-11D3-BF4B-00C04F79EFBC}") = "Factory", "Factory\Factory.csproj", "{A953FAF7-1504-47FE-9B5E-BA679E69795F}"
EndProject
Project("{FAE04EC0-301F-11D3-BF4B-00C04F79EFBC}") = "Builder", "Builder\Builder.csproj", "{62E7D0DC-A9F0-46E6-B5F1-604C0B020DF3}"
EndProject
Global
	GlobalSection(SolutionConfigurationPlatforms) = preSolution
		Debug|Any CPU = Debug|Any CPU
		Release|Any CPU = Release|Any CPU
	EndGlobalSection
	GlobalSection(SolutionProperties) = preSolution
		HideSolutionNode = FALSE
	EndGlobalSection
	GlobalSection(ProjectConfigurationPlatforms) = postSolution
		{DA3084F9-D47F-42F6-B5F8-A411E3D07978}.Debug|Any CPU.ActiveCfg = Debug|Any CPU
		{DA3084F9-D47F-42F6-B5F8-A411E3D07978}.Debug|Any CPU.Build.0 = Debug|Any CPU
		{DA3084F9-D47F-42F6-B5F8-A411E3D07978}.Release|Any CPU.ActiveCfg = Release|Any CPU
		{DA3084F9-D47F-42F6-B5F8-A411E3D07978}.Release|Any CPU.Build.0 = Release|Any CPU
		{A953FAF7-1504-47FE-9B5E-BA679E69795F}.Debug|Any CPU.ActiveCfg = Debug|Any CPU
		{A953FAF7-1504-47FE-9B5E-BA679E69795F}.Debug|Any CPU.Build.0 = Debug|Any CPU
		{A953FAF7-1504-47FE-9B5E-BA679E69795F}.Release|Any CPU.ActiveCfg = Release|Any CPU
		{A953FAF7-1504-47FE-9B5E-BA679E69795F}.Release|Any CPU.Build.0 = Release|Any CPU
		{62E7D0DC-A9F0-46E6-B5F1-604C0B020DF3}.Debug|Any CPU.ActiveCfg = Debug|Any CPU
		{62E7D0DC-A9F0-46E6-B5F1-604C0B020DF3}.Debug|Any CPU.Build.0 = Debug|Any CPU
		{62E7D0DC-A9F0-46E6-B5F1-604C0B020DF3}.Release|Any CPU.ActiveCfg = Release|Any CPU
		{62E7D0DC-A9F0-46E6-B5F1-604C0B020DF3}.Release|Any CPU.Build.0 = Release|Any CPU
	EndGlobalSection
EndGlobal
